// !$*UTF8*$!
{
	archiveVersion = 1;
	classes = {
	};
	objectVersion = 56;
	objects = {

/* Begin PBXBuildFile section */
		9269A05829E5CFB500E28EDD /* VisualEffectView.swift in Sources */ = {isa = PBXBuildFile; fileRef = 9269A05729E5CFB500E28EDD /* VisualEffectView.swift */; };
		929F275B2991712F0042F7B8 /* AppDelegate.swift in Sources */ = {isa = PBXBuildFile; fileRef = 929F275A2991712F0042F7B8 /* AppDelegate.swift */; };
		929F275D2991712F0042F7B8 /* SceneDelegate.swift in Sources */ = {isa = PBXBuildFile; fileRef = 929F275C2991712F0042F7B8 /* SceneDelegate.swift */; };
		929F275F2991712F0042F7B8 /* StatisticsViewController.swift in Sources */ = {isa = PBXBuildFile; fileRef = 929F275E2991712F0042F7B8 /* StatisticsViewController.swift */; };
		929F2764299171300042F7B8 /* Assets.xcassets in Resources */ = {isa = PBXBuildFile; fileRef = 929F2763299171300042F7B8 /* Assets.xcassets */; };
		929F2767299171300042F7B8 /* LaunchScreen.storyboard in Resources */ = {isa = PBXBuildFile; fileRef = 929F2765299171300042F7B8 /* LaunchScreen.storyboard */; };
		929F276F299173060042F7B8 /* StatisticsViewModel.swift in Sources */ = {isa = PBXBuildFile; fileRef = 929F276E299173060042F7B8 /* StatisticsViewModel.swift */; };
		929F2773299175100042F7B8 /* ContinentsStatistics.swift in Sources */ = {isa = PBXBuildFile; fileRef = 929F2772299175100042F7B8 /* ContinentsStatistics.swift */; };
		929F2776299175A40042F7B8 /* NetworkManager.swift in Sources */ = {isa = PBXBuildFile; fileRef = 929F2775299175A40042F7B8 /* NetworkManager.swift */; };
		929F2779299175F50042F7B8 /* Alamofire in Frameworks */ = {isa = PBXBuildFile; productRef = 929F2778299175F50042F7B8 /* Alamofire */; };
		929F277D299177EE0042F7B8 /* GeneralStatisticsViewController.swift in Sources */ = {isa = PBXBuildFile; fileRef = 929F277C299177EE0042F7B8 /* GeneralStatisticsViewController.swift */; };
		929F277F299178090042F7B8 /* GeneralStatisticsViewModel.swift in Sources */ = {isa = PBXBuildFile; fileRef = 929F277E299178090042F7B8 /* GeneralStatisticsViewModel.swift */; };
		929F278329917EFE0042F7B8 /* Extension + UIView.swift in Sources */ = {isa = PBXBuildFile; fileRef = 929F278229917EFE0042F7B8 /* Extension + UIView.swift */; };
		92DA98D02A1A72FE006DDF46 /* ContinentCell.swift in Sources */ = {isa = PBXBuildFile; fileRef = 92DA98CF2A1A72FE006DDF46 /* ContinentCell.swift */; };
		92DA98D22A1A7324006DDF46 /* ContinentsViewModel.swift in Sources */ = {isa = PBXBuildFile; fileRef = 92DA98D12A1A7324006DDF46 /* ContinentsViewModel.swift */; };
		92DEB11D29E1635A003946E3 /* CountryStatisticsViewController.swift in Sources */ = {isa = PBXBuildFile; fileRef = 92DEB11C29E1635A003946E3 /* CountryStatisticsViewController.swift */; };
		92DEB11F29E1673A003946E3 /* CountryStatisticsViewModel.swift in Sources */ = {isa = PBXBuildFile; fileRef = 92DEB11E29E1673A003946E3 /* CountryStatisticsViewModel.swift */; };
		92ED1E372A40BD0000C82C0E /* CountriesStatistics.swift in Sources */ = {isa = PBXBuildFile; fileRef = 92ED1E362A40BD0000C82C0E /* CountriesStatistics.swift */; };
/* End PBXBuildFile section */

/* Begin PBXFileReference section */
		9269A05729E5CFB500E28EDD /* VisualEffectView.swift */ = {isa = PBXFileReference; lastKnownFileType = sourcecode.swift; path = VisualEffectView.swift; sourceTree = "<group>"; };
		929F27572991712F0042F7B8 /* COVID-19.app */ = {isa = PBXFileReference; explicitFileType = wrapper.application; includeInIndex = 0; path = "COVID-19.app"; sourceTree = BUILT_PRODUCTS_DIR; };
		929F275A2991712F0042F7B8 /* AppDelegate.swift */ = {isa = PBXFileReference; lastKnownFileType = sourcecode.swift; path = AppDelegate.swift; sourceTree = "<group>"; };
		929F275C2991712F0042F7B8 /* SceneDelegate.swift */ = {isa = PBXFileReference; lastKnownFileType = sourcecode.swift; path = SceneDelegate.swift; sourceTree = "<group>"; };
		929F275E2991712F0042F7B8 /* StatisticsViewController.swift */ = {isa = PBXFileReference; lastKnownFileType = sourcecode.swift; path = StatisticsViewController.swift; sourceTree = "<group>"; };
		929F2763299171300042F7B8 /* Assets.xcassets */ = {isa = PBXFileReference; lastKnownFileType = folder.assetcatalog; path = Assets.xcassets; sourceTree = "<group>"; };
		929F2766299171300042F7B8 /* Base */ = {isa = PBXFileReference; lastKnownFileType = file.storyboard; name = Base; path = Base.lproj/LaunchScreen.storyboard; sourceTree = "<group>"; };
		929F2768299171300042F7B8 /* Info.plist */ = {isa = PBXFileReference; lastKnownFileType = text.plist.xml; path = Info.plist; sourceTree = "<group>"; };
		929F276E299173060042F7B8 /* StatisticsViewModel.swift */ = {isa = PBXFileReference; lastKnownFileType = sourcecode.swift; path = StatisticsViewModel.swift; sourceTree = "<group>"; };
		929F2772299175100042F7B8 /* ContinentsStatistics.swift */ = {isa = PBXFileReference; lastKnownFileType = sourcecode.swift; path = ContinentsStatistics.swift; sourceTree = "<group>"; };
		929F2775299175A40042F7B8 /* NetworkManager.swift */ = {isa = PBXFileReference; lastKnownFileType = sourcecode.swift; path = NetworkManager.swift; sourceTree = "<group>"; };
		929F277C299177EE0042F7B8 /* GeneralStatisticsViewController.swift */ = {isa = PBXFileReference; lastKnownFileType = sourcecode.swift; path = GeneralStatisticsViewController.swift; sourceTree = "<group>"; };
		929F277E299178090042F7B8 /* GeneralStatisticsViewModel.swift */ = {isa = PBXFileReference; lastKnownFileType = sourcecode.swift; path = GeneralStatisticsViewModel.swift; sourceTree = "<group>"; };
		929F278229917EFE0042F7B8 /* Extension + UIView.swift */ = {isa = PBXFileReference; lastKnownFileType = sourcecode.swift; path = "Extension + UIView.swift"; sourceTree = "<group>"; };
		92DA98CF2A1A72FE006DDF46 /* ContinentCell.swift */ = {isa = PBXFileReference; lastKnownFileType = sourcecode.swift; path = ContinentCell.swift; sourceTree = "<group>"; };
		92DA98D12A1A7324006DDF46 /* ContinentsViewModel.swift */ = {isa = PBXFileReference; lastKnownFileType = sourcecode.swift; path = ContinentsViewModel.swift; sourceTree = "<group>"; };
		92DEB11C29E1635A003946E3 /* CountryStatisticsViewController.swift */ = {isa = PBXFileReference; lastKnownFileType = sourcecode.swift; path = CountryStatisticsViewController.swift; sourceTree = "<group>"; };
		92DEB11E29E1673A003946E3 /* CountryStatisticsViewModel.swift */ = {isa = PBXFileReference; lastKnownFileType = sourcecode.swift; path = CountryStatisticsViewModel.swift; sourceTree = "<group>"; };
		92ED1E362A40BD0000C82C0E /* CountriesStatistics.swift */ = {isa = PBXFileReference; lastKnownFileType = sourcecode.swift; path = CountriesStatistics.swift; sourceTree = "<group>"; };
/* End PBXFileReference section */

/* Begin PBXFrameworksBuildPhase section */
		929F27542991712F0042F7B8 /* Frameworks */ = {
			isa = PBXFrameworksBuildPhase;
			buildActionMask = 2147483647;
			files = (
				929F2779299175F50042F7B8 /* Alamofire in Frameworks */,
			);
			runOnlyForDeploymentPostprocessing = 0;
		};
/* End PBXFrameworksBuildPhase section */

/* Begin PBXGroup section */
		929F274E2991712F0042F7B8 = {
			isa = PBXGroup;
			children = (
				929F27592991712F0042F7B8 /* COVID-19 */,
				929F27582991712F0042F7B8 /* Products */,
			);
			sourceTree = "<group>";
		};
		929F27582991712F0042F7B8 /* Products */ = {
			isa = PBXGroup;
			children = (
				929F27572991712F0042F7B8 /* COVID-19.app */,
			);
			name = Products;
			sourceTree = "<group>";
		};
		929F27592991712F0042F7B8 /* COVID-19 */ = {
			isa = PBXGroup;
			children = (
				929F2771299174E80042F7B8 /* Models */,
				929F2770299173110042F7B8 /* Statistics */,
				92ED1E3B2A40C7BB00C82C0E /* Extensions */,
				92ED1E3A2A40C6BB00C82C0E /* Storyboard */,
				92ED1E392A40C68200C82C0E /* Resources */,
				92ED1E382A40C65E00C82C0E /* Supporting Files */,
				929F27742991758B0042F7B8 /* Services */,
			);
			path = "COVID-19";
			sourceTree = "<group>";
		};
		929F2770299173110042F7B8 /* Statistics */ = {
			isa = PBXGroup;
			children = (
				929F275E2991712F0042F7B8 /* StatisticsViewController.swift */,
				929F276E299173060042F7B8 /* StatisticsViewModel.swift */,
				92DA98CE2A1A72E2006DDF46 /* Continents */,
				929F277A299177A30042F7B8 /* GeneralStatistics */,
				929F277B299177B90042F7B8 /* CountriesStatistics */,
			);
			path = Statistics;
			sourceTree = "<group>";
		};
		929F2771299174E80042F7B8 /* Models */ = {
			isa = PBXGroup;
			children = (
				929F2772299175100042F7B8 /* ContinentsStatistics.swift */,
				92ED1E362A40BD0000C82C0E /* CountriesStatistics.swift */,
			);
			path = Models;
			sourceTree = "<group>";
		};
		929F27742991758B0042F7B8 /* Services */ = {
			isa = PBXGroup;
			children = (
				929F2775299175A40042F7B8 /* NetworkManager.swift */,
			);
			path = Services;
			sourceTree = "<group>";
		};
		929F277A299177A30042F7B8 /* GeneralStatistics */ = {
			isa = PBXGroup;
			children = (
				929F277C299177EE0042F7B8 /* GeneralStatisticsViewController.swift */,
				929F277E299178090042F7B8 /* GeneralStatisticsViewModel.swift */,
			);
			path = GeneralStatistics;
			sourceTree = "<group>";
		};
		929F277B299177B90042F7B8 /* CountriesStatistics */ = {
			isa = PBXGroup;
			children = (
				92DEB11C29E1635A003946E3 /* CountryStatisticsViewController.swift */,
				92DEB11E29E1673A003946E3 /* CountryStatisticsViewModel.swift */,
			);
			path = CountriesStatistics;
			sourceTree = "<group>";
		};
		92DA98CE2A1A72E2006DDF46 /* Continents */ = {
			isa = PBXGroup;
			children = (
				92DA98CF2A1A72FE006DDF46 /* ContinentCell.swift */,
				92DA98D12A1A7324006DDF46 /* ContinentsViewModel.swift */,
			);
			path = Continents;
			sourceTree = "<group>";
		};
		92ED1E382A40C65E00C82C0E /* Supporting Files */ = {
			isa = PBXGroup;
			children = (
				929F275A2991712F0042F7B8 /* AppDelegate.swift */,
				929F275C2991712F0042F7B8 /* SceneDelegate.swift */,
				929F2768299171300042F7B8 /* Info.plist */,
			);
			path = "Supporting Files";
			sourceTree = "<group>";
		};
		92ED1E392A40C68200C82C0E /* Resources */ = {
			isa = PBXGroup;
			children = (
				929F2763299171300042F7B8 /* Assets.xcassets */,
			);
			path = Resources;
			sourceTree = "<group>";
		};
		92ED1E3A2A40C6BB00C82C0E /* Storyboard */ = {
			isa = PBXGroup;
			children = (
				929F2765299171300042F7B8 /* LaunchScreen.storyboard */,
			);
			path = Storyboard;
			sourceTree = "<group>";
		};
		92ED1E3B2A40C7BB00C82C0E /* Extensions */ = {
			isa = PBXGroup;
			children = (
				92ED1E3C2A40C7C500C82C0E /* UIView */,
			);
			path = Extensions;
			sourceTree = "<group>";
		};
		92ED1E3C2A40C7C500C82C0E /* UIView */ = {
			isa = PBXGroup;
			children = (
				9269A05729E5CFB500E28EDD /* VisualEffectView.swift */,
				929F278229917EFE0042F7B8 /* Extension + UIView.swift */,
			);
			path = UIView;
			sourceTree = "<group>";
		};
/* End PBXGroup section */

/* Begin PBXNativeTarget section */
		929F27562991712F0042F7B8 /* COVID-19 */ = {
			isa = PBXNativeTarget;
			buildConfigurationList = 929F276B299171300042F7B8 /* Build configuration list for PBXNativeTarget "COVID-19" */;
			buildPhases = (
				929F27532991712F0042F7B8 /* Sources */,
				929F27542991712F0042F7B8 /* Frameworks */,
				929F27552991712F0042F7B8 /* Resources */,
			);
			buildRules = (
			);
			dependencies = (
			);
			name = "COVID-19";
			packageProductDependencies = (
				929F2778299175F50042F7B8 /* Alamofire */,
			);
			productName = "COVID-19";
			productReference = 929F27572991712F0042F7B8 /* COVID-19.app */;
			productType = "com.apple.product-type.application";
		};
/* End PBXNativeTarget section */

/* Begin PBXProject section */
		929F274F2991712F0042F7B8 /* Project object */ = {
			isa = PBXProject;
			attributes = {
				BuildIndependentTargetsInParallel = 1;
				LastSwiftUpdateCheck = 1400;
				LastUpgradeCheck = 1400;
				TargetAttributes = {
					929F27562991712F0042F7B8 = {
						CreatedOnToolsVersion = 14.0.1;
					};
				};
			};
			buildConfigurationList = 929F27522991712F0042F7B8 /* Build configuration list for PBXProject "COVID-19" */;
			compatibilityVersion = "Xcode 14.0";
			developmentRegion = en;
			hasScannedForEncodings = 0;
			knownRegions = (
				en,
				Base,
			);
			mainGroup = 929F274E2991712F0042F7B8;
			packageReferences = (
				929F2777299175F50042F7B8 /* XCRemoteSwiftPackageReference "Alamofire" */,
			);
			productRefGroup = 929F27582991712F0042F7B8 /* Products */;
			projectDirPath = "";
			projectRoot = "";
			targets = (
				929F27562991712F0042F7B8 /* COVID-19 */,
			);
		};
/* End PBXProject section */

/* Begin PBXResourcesBuildPhase section */
		929F27552991712F0042F7B8 /* Resources */ = {
			isa = PBXResourcesBuildPhase;
			buildActionMask = 2147483647;
			files = (
				929F2767299171300042F7B8 /* LaunchScreen.storyboard in Resources */,
				929F2764299171300042F7B8 /* Assets.xcassets in Resources */,
			);
			runOnlyForDeploymentPostprocessing = 0;
		};
/* End PBXResourcesBuildPhase section */

/* Begin PBXSourcesBuildPhase section */
		929F27532991712F0042F7B8 /* Sources */ = {
			isa = PBXSourcesBuildPhase;
			buildActionMask = 2147483647;
			files = (
				929F277F299178090042F7B8 /* GeneralStatisticsViewModel.swift in Sources */,
				9269A05829E5CFB500E28EDD /* VisualEffectView.swift in Sources */,
				929F2776299175A40042F7B8 /* NetworkManager.swift in Sources */,
				92DEB11F29E1673A003946E3 /* CountryStatisticsViewModel.swift in Sources */,
				92DA98D22A1A7324006DDF46 /* ContinentsViewModel.swift in Sources */,
				929F275F2991712F0042F7B8 /* StatisticsViewController.swift in Sources */,
				929F275B2991712F0042F7B8 /* AppDelegate.swift in Sources */,
				929F275D2991712F0042F7B8 /* SceneDelegate.swift in Sources */,
				92DEB11D29E1635A003946E3 /* CountryStatisticsViewController.swift in Sources */,
				92DA98D02A1A72FE006DDF46 /* ContinentCell.swift in Sources */,
				92ED1E372A40BD0000C82C0E /* CountriesStatistics.swift in Sources */,
				929F278329917EFE0042F7B8 /* Extension + UIView.swift in Sources */,
				929F2773299175100042F7B8 /* ContinentsStatistics.swift in Sources */,
				929F276F299173060042F7B8 /* StatisticsViewModel.swift in Sources */,
				929F277D299177EE0042F7B8 /* GeneralStatisticsViewController.swift in Sources */,
			);
			runOnlyForDeploymentPostprocessing = 0;
		};
/* End PBXSourcesBuildPhase section */

/* Begin PBXVariantGroup section */
		929F2765299171300042F7B8 /* LaunchScreen.storyboard */ = {
			isa = PBXVariantGroup;
			children = (
				929F2766299171300042F7B8 /* Base */,
			);
			name = LaunchScreen.storyboard;
			sourceTree = "<group>";
		};
/* End PBXVariantGroup section */

/* Begin XCBuildConfiguration section */
		929F2769299171300042F7B8 /* Debug */ = {
			isa = XCBuildConfiguration;
			buildSettings = {
				ALWAYS_SEARCH_USER_PATHS = NO;
				CLANG_ANALYZER_NONNULL = YES;
				CLANG_ANALYZER_NUMBER_OBJECT_CONVERSION = YES_AGGRESSIVE;
				CLANG_CXX_LANGUAGE_STANDARD = "gnu++20";
				CLANG_ENABLE_MODULES = YES;
				CLANG_ENABLE_OBJC_ARC = YES;
				CLANG_ENABLE_OBJC_WEAK = YES;
				CLANG_WARN_BLOCK_CAPTURE_AUTORELEASING = YES;
				CLANG_WARN_BOOL_CONVERSION = YES;
				CLANG_WARN_COMMA = YES;
				CLANG_WARN_CONSTANT_CONVERSION = YES;
				CLANG_WARN_DEPRECATED_OBJC_IMPLEMENTATIONS = YES;
				CLANG_WARN_DIRECT_OBJC_ISA_USAGE = YES_ERROR;
				CLANG_WARN_DOCUMENTATION_COMMENTS = YES;
				CLANG_WARN_EMPTY_BODY = YES;
				CLANG_WARN_ENUM_CONVERSION = YES;
				CLANG_WARN_INFINITE_RECURSION = YES;
				CLANG_WARN_INT_CONVERSION = YES;
				CLANG_WARN_NON_LITERAL_NULL_CONVERSION = YES;
				CLANG_WARN_OBJC_IMPLICIT_RETAIN_SELF = YES;
				CLANG_WARN_OBJC_LITERAL_CONVERSION = YES;
				CLANG_WARN_OBJC_ROOT_CLASS = YES_ERROR;
				CLANG_WARN_QUOTED_INCLUDE_IN_FRAMEWORK_HEADER = YES;
				CLANG_WARN_RANGE_LOOP_ANALYSIS = YES;
				CLANG_WARN_STRICT_PROTOTYPES = YES;
				CLANG_WARN_SUSPICIOUS_MOVE = YES;
				CLANG_WARN_UNGUARDED_AVAILABILITY = YES_AGGRESSIVE;
				CLANG_WARN_UNREACHABLE_CODE = YES;
				CLANG_WARN__DUPLICATE_METHOD_MATCH = YES;
				COPY_PHASE_STRIP = NO;
				DEBUG_INFORMATION_FORMAT = dwarf;
				ENABLE_STRICT_OBJC_MSGSEND = YES;
				ENABLE_TESTABILITY = YES;
				GCC_C_LANGUAGE_STANDARD = gnu11;
				GCC_DYNAMIC_NO_PIC = NO;
				GCC_NO_COMMON_BLOCKS = YES;
				GCC_OPTIMIZATION_LEVEL = 0;
				GCC_PREPROCESSOR_DEFINITIONS = (
					"DEBUG=1",
					"$(inherited)",
				);
				GCC_WARN_64_TO_32_BIT_CONVERSION = YES;
				GCC_WARN_ABOUT_RETURN_TYPE = YES_ERROR;
				GCC_WARN_UNDECLARED_SELECTOR = YES;
				GCC_WARN_UNINITIALIZED_AUTOS = YES_AGGRESSIVE;
				GCC_WARN_UNUSED_FUNCTION = YES;
				GCC_WARN_UNUSED_VARIABLE = YES;
				IPHONEOS_DEPLOYMENT_TARGET = 16.0;
				MTL_ENABLE_DEBUG_INFO = INCLUDE_SOURCE;
				MTL_FAST_MATH = YES;
				ONLY_ACTIVE_ARCH = YES;
				SDKROOT = iphoneos;
				SWIFT_ACTIVE_COMPILATION_CONDITIONS = DEBUG;
				SWIFT_OPTIMIZATION_LEVEL = "-Onone";
			};
			name = Debug;
		};
		929F276A299171300042F7B8 /* Release */ = {
			isa = XCBuildConfiguration;
			buildSettings = {
				ALWAYS_SEARCH_USER_PATHS = NO;
				CLANG_ANALYZER_NONNULL = YES;
				CLANG_ANALYZER_NUMBER_OBJECT_CONVERSION = YES_AGGRESSIVE;
				CLANG_CXX_LANGUAGE_STANDARD = "gnu++20";
				CLANG_ENABLE_MODULES = YES;
				CLANG_ENABLE_OBJC_ARC = YES;
				CLANG_ENABLE_OBJC_WEAK = YES;
				CLANG_WARN_BLOCK_CAPTURE_AUTORELEASING = YES;
				CLANG_WARN_BOOL_CONVERSION = YES;
				CLANG_WARN_COMMA = YES;
				CLANG_WARN_CONSTANT_CONVERSION = YES;
				CLANG_WARN_DEPRECATED_OBJC_IMPLEMENTATIONS = YES;
				CLANG_WARN_DIRECT_OBJC_ISA_USAGE = YES_ERROR;
				CLANG_WARN_DOCUMENTATION_COMMENTS = YES;
				CLANG_WARN_EMPTY_BODY = YES;
				CLANG_WARN_ENUM_CONVERSION = YES;
				CLANG_WARN_INFINITE_RECURSION = YES;
				CLANG_WARN_INT_CONVERSION = YES;
				CLANG_WARN_NON_LITERAL_NULL_CONVERSION = YES;
				CLANG_WARN_OBJC_IMPLICIT_RETAIN_SELF = YES;
				CLANG_WARN_OBJC_LITERAL_CONVERSION = YES;
				CLANG_WARN_OBJC_ROOT_CLASS = YES_ERROR;
				CLANG_WARN_QUOTED_INCLUDE_IN_FRAMEWORK_HEADER = YES;
				CLANG_WARN_RANGE_LOOP_ANALYSIS = YES;
				CLANG_WARN_STRICT_PROTOTYPES = YES;
				CLANG_WARN_SUSPICIOUS_MOVE = YES;
				CLANG_WARN_UNGUARDED_AVAILABILITY = YES_AGGRESSIVE;
				CLANG_WARN_UNREACHABLE_CODE = YES;
				CLANG_WARN__DUPLICATE_METHOD_MATCH = YES;
				COPY_PHASE_STRIP = NO;
				DEBUG_INFORMATION_FORMAT = "dwarf-with-dsym";
				ENABLE_NS_ASSERTIONS = NO;
				ENABLE_STRICT_OBJC_MSGSEND = YES;
				GCC_C_LANGUAGE_STANDARD = gnu11;
				GCC_NO_COMMON_BLOCKS = YES;
				GCC_WARN_64_TO_32_BIT_CONVERSION = YES;
				GCC_WARN_ABOUT_RETURN_TYPE = YES_ERROR;
				GCC_WARN_UNDECLARED_SELECTOR = YES;
				GCC_WARN_UNINITIALIZED_AUTOS = YES_AGGRESSIVE;
				GCC_WARN_UNUSED_FUNCTION = YES;
				GCC_WARN_UNUSED_VARIABLE = YES;
				IPHONEOS_DEPLOYMENT_TARGET = 16.0;
				MTL_ENABLE_DEBUG_INFO = NO;
				MTL_FAST_MATH = YES;
				SDKROOT = iphoneos;
				SWIFT_COMPILATION_MODE = wholemodule;
				SWIFT_OPTIMIZATION_LEVEL = "-O";
				VALIDATE_PRODUCT = YES;
			};
			name = Release;
		};
		929F276C299171300042F7B8 /* Debug */ = {
			isa = XCBuildConfiguration;
			buildSettings = {
				ASSETCATALOG_COMPILER_APPICON_NAME = AppIcon;
				ASSETCATALOG_COMPILER_GLOBAL_ACCENT_COLOR_NAME = AccentColor;
				CODE_SIGN_STYLE = Automatic;
				CURRENT_PROJECT_VERSION = 1;
				DEVELOPMENT_TEAM = R79LXPU844;
				GENERATE_INFOPLIST_FILE = YES;
				INFOPLIST_FILE = "COVID-19/Supporting Files/Info.plist";
				INFOPLIST_KEY_UIApplicationSupportsIndirectInputEvents = YES;
				INFOPLIST_KEY_UILaunchStoryboardName = LaunchScreen;
				INFOPLIST_KEY_UISupportedInterfaceOrientations_iPad = "UIInterfaceOrientationPortrait UIInterfaceOrientationPortraitUpsideDown UIInterfaceOrientationLandscapeLeft UIInterfaceOrientationLandscapeRight";
				INFOPLIST_KEY_UISupportedInterfaceOrientations_iPhone = "UIInterfaceOrientationPortrait UIInterfaceOrientationLandscapeLeft UIInterfaceOrientationLandscapeRight";
				IPHONEOS_DEPLOYMENT_TARGET = 14.7;
				LD_RUNPATH_SEARCH_PATHS = (
					"$(inherited)",
					"@executable_path/Frameworks",
				);
				MARKETING_VERSION = 1.0;
				PRODUCT_BUNDLE_IDENTIFIER = "Balandin-Denis.COVID-19";
				PRODUCT_NAME = "$(TARGET_NAME)";
				SWIFT_EMIT_LOC_STRINGS = YES;
				SWIFT_VERSION = 5.0;
				TARGETED_DEVICE_FAMILY = "1,2";
			};
			name = Debug;
		};
		929F276D299171300042F7B8 /* Release */ = {
			isa = XCBuildConfiguration;
			buildSettings = {
				ASSETCATALOG_COMPILER_APPICON_NAME = AppIcon;
				ASSETCATALOG_COMPILER_GLOBAL_ACCENT_COLOR_NAME = AccentColor;
				CODE_SIGN_STYLE = Automatic;
				CURRENT_PROJECT_VERSION = 1;
				DEVELOPMENT_TEAM = R79LXPU844;
				GENERATE_INFOPLIST_FILE = YES;
				INFOPLIST_FILE = "COVID-19/Supporting Files/Info.plist";
				INFOPLIST_KEY_UIApplicationSupportsIndirectInputEvents = YES;
				INFOPLIST_KEY_UILaunchStoryboardName = LaunchScreen;
				INFOPLIST_KEY_UISupportedInterfaceOrientations_iPad = "UIInterfaceOrientationPortrait UIInterfaceOrientationPortraitUpsideDown UIInterfaceOrientationLandscapeLeft UIInterfaceOrientationLandscapeRight";
				INFOPLIST_KEY_UISupportedInterfaceOrientations_iPhone = "UIInterfaceOrientationPortrait UIInterfaceOrientationLandscapeLeft UIInterfaceOrientationLandscapeRight";
				IPHONEOS_DEPLOYMENT_TARGET = 14.7;
				LD_RUNPATH_SEARCH_PATHS = (
					"$(inherited)",
					"@executable_path/Frameworks",
				);
				MARKETING_VERSION = 1.0;
				PRODUCT_BUNDLE_IDENTIFIER = "Balandin-Denis.COVID-19";
				PRODUCT_NAME = "$(TARGET_NAME)";
				SWIFT_EMIT_LOC_STRINGS = YES;
				SWIFT_VERSION = 5.0;
				TARGETED_DEVICE_FAMILY = "1,2";
			};
			name = Release;
		};
/* End XCBuildConfiguration section */

/* Begin XCConfigurationList section */
		929F27522991712F0042F7B8 /* Build configuration list for PBXProject "COVID-19" */ = {
			isa = XCConfigurationList;
			buildConfigurations = (
				929F2769299171300042F7B8 /* Debug */,
				929F276A299171300042F7B8 /* Release */,
			);
			defaultConfigurationIsVisible = 0;
			defaultConfigurationName = Release;
		};
		929F276B299171300042F7B8 /* Build configuration list for PBXNativeTarget "COVID-19" */ = {
			isa = XCConfigurationList;
			buildConfigurations = (
				929F276C299171300042F7B8 /* Debug */,
				929F276D299171300042F7B8 /* Release */,
			);
			defaultConfigurationIsVisible = 0;
			defaultConfigurationName = Release;
		};
/* End XCConfigurationList section */

/* Begin XCRemoteSwiftPackageReference section */
		929F2777299175F50042F7B8 /* XCRemoteSwiftPackageReference "Alamofire" */ = {
			isa = XCRemoteSwiftPackageReference;
			repositoryURL = "https://github.com/Alamofire/Alamofire.git";
			requirement = {
				kind = upToNextMajorVersion;
				minimumVersion = 5.0.0;
			};
		};
/* End XCRemoteSwiftPackageReference section */

/* Begin XCSwiftPackageProductDependency section */
		929F2778299175F50042F7B8 /* Alamofire */ = {
			isa = XCSwiftPackageProductDependency;
			package = 929F2777299175F50042F7B8 /* XCRemoteSwiftPackageReference "Alamofire" */;
			productName = Alamofire;
		};
/* End XCSwiftPackageProductDependency section */
	};
	rootObject = 929F274F2991712F0042F7B8 /* Project object */;
}
